
Microsoft Visual Studio Solution File, Format Version 12.00
# Visual Studio Version 17
VisualStudioVersion = 17.7.34221.43
MinimumVisualStudioVersion = 10.0.40219.1
Project("{FAE04EC0-301F-11D3-BF4B-00C04F79EFBC}") = "practice-8", "practice-8\practice-8.csproj", "{7541A8B9-D980-443B-8E52-138607046CE2}"
EndProject
Global
	GlobalSection(SolutionConfigurationPlatforms) = preSolution
		Debug|Any CPU = Debug|Any CPU
		Release|Any CPU = Release|Any CPU
	EndGlobalSection
	GlobalSection(ProjectConfigurationPlatforms) = postSolution
		{7541A8B9-D980-443B-8E52-138607046CE2}.Debug|Any CPU.ActiveCfg = Debug|Any CPU
		{7541A8B9-D980-443B-8E52-138607046CE2}.Debug|Any CPU.Build.0 = Debug|Any CPU
		{7541A8B9-D980-443B-8E52-138607046CE2}.Release|Any CPU.ActiveCfg = Release|Any CPU
		{7541A8B9-D980-443B-8E52-138607046CE2}.Release|Any CPU.Build.0 = Release|Any CPU
	EndGlobalSection
	GlobalSection(SolutionProperties) = preSolution
		HideSolutionNode = FALSE
	EndGlobalSection
	GlobalSection(ExtensibilityGlobals) = postSolution
		SolutionGuid = {9906EF33-D6B7-4E79-8FBA-83FBB576D6FD}
	EndGlobalSection
EndGlobal
